
Microsoft Visual Studio Solution File, Format Version 12.00
# Visual Studio Version 16
VisualStudioVersion = 16.0.29728.190
MinimumVisualStudioVersion = 10.0.40219.1
Project("{FAE04EC0-301F-11D3-BF4B-00C04F79EFBC}") = "DanskeBankProject", "DanskeBankProject\DanskeBankProject.csproj", "{AA459E72-EA9E-436D-A51A-7E3C2687211A}"
EndProject
Global
	GlobalSection(SolutionConfigurationPlatforms) = preSolution
		Debug|Any CPU = Debug|Any CPU
		Release|Any CPU = Release|Any CPU
	EndGlobalSection
	GlobalSection(ProjectConfigurationPlatforms) = postSolution
		{AA459E72-EA9E-436D-A51A-7E3C2687211A}.Debug|Any CPU.ActiveCfg = Debug|Any CPU
		{AA459E72-EA9E-436D-A51A-7E3C2687211A}.Debug|Any CPU.Build.0 = Debug|Any CPU
		{AA459E72-EA9E-436D-A51A-7E3C2687211A}.Release|Any CPU.ActiveCfg = Release|Any CPU
		{AA459E72-EA9E-436D-A51A-7E3C2687211A}.Release|Any CPU.Build.0 = Release|Any CPU
	EndGlobalSection
	GlobalSection(SolutionProperties) = preSolution
		HideSolutionNode = FALSE
	EndGlobalSection
	GlobalSection(ExtensibilityGlobals) = postSolution
		SolutionGuid = {8AAFEA23-60AF-44AF-82AF-1754C3BB7A8B}
	EndGlobalSection
EndGlobal
